{
  "name": "tree-sitter-glsl",
  "version": "0.1.2",
  "lockfileVersion": 2,
  "requires": true,
  "packages": {
    "": {
      "name": "tree-sitter-glsl",
      "version": "0.1.2",
      "license": "MIT",
      "dependencies": {
        "nan": "^2.15.0"
      },
      "devDependencies": {
        "tree-sitter-c": "git://github.com/tree-sitter/tree-sitter-c.git",
        "tree-sitter-cli": "^0.20.0"
      }
    },
    "node_modules/nan": {
      "version": "2.15.0",
      "resolved": "https://registry.npmjs.org/nan/-/nan-2.15.0.tgz",
      "integrity": "sha512-8ZtvEnA2c5aYCZYd1cvgdnU6cqwixRoYg70xPLWUws5ORTa/lnw+u4amixRS/Ac5U5mQVgp9pnlSUnbNWFaWZQ=="
    },
    "node_modules/tree-sitter-c": {
      "version": "0.20.1",
      "resolved": "git+ssh://git@github.com/tree-sitter/tree-sitter-c.git#e348e8ec5efd3aac020020e4af53d2ff18f393a9",
      "dev": true,
      "hasInstallScript": true,
      "license": "MIT",
      "dependencies": {
        "nan": "^2.14.0"
      }
    },
    "node_modules/tree-sitter-cli": {
      "version": "0.20.0",
      "resolved": "https://registry.npmjs.org/tree-sitter-cli/-/tree-sitter-cli-0.20.0.tgz",
      "integrity": "sha512-4D1qapWbJXZ5rrSUGM5rcw5Vuq/smzn9KbiFRhlON6KeuuXjra+KAtDYVrDgAoLIG4ku+jbEEGrJxCptUGi3dg==",
      "dev": true,
      "hasInstallScript": true,
      "bin": {
        "tree-sitter": "cli.js"
      }
    }
  },
  "dependencies": {
    "nan": {
      "version": "2.15.0",
      "resolved": "https://registry.npmjs.org/nan/-/nan-2.15.0.tgz",
      "integrity": "sha512-8ZtvEnA2c5aYCZYd1cvgdnU6cqwixRoYg70xPLWUws5ORTa/lnw+u4amixRS/Ac5U5mQVgp9pnlSUnbNWFaWZQ=="
    },
    "tree-sitter-c": {
      "version": "git+ssh://git@github.com/tree-sitter/tree-sitter-c.git#e348e8ec5efd3aac020020e4af53d2ff18f393a9",
      "dev": true,
      "from": "tree-sitter-c@git://github.com/tree-sitter/tree-sitter-c.git",
      "requires": {
        "nan": "^2.14.0"
      }
    },
    "tree-sitter-cli": {
      "version": "0.20.0",
      "resolved": "https://registry.npmjs.org/tree-sitter-cli/-/tree-sitter-cli-0.20.0.tgz",
      "integrity": "sha512-4D1qapWbJXZ5rrSUGM5rcw5Vuq/smzn9KbiFRhlON6KeuuXjra+KAtDYVrDgAoLIG4ku+jbEEGrJxCptUGi3dg==",
      "dev": true
    }
  }
}
